PODS:
  - Nimble (8.0.4)
  - Quick (2.2.0)
  - Shimmeraiser (1.0.4)

DEPENDENCIES:
  - Nimble
  - Quick
  - Shimmeraiser (from `../`)

SPEC REPOS:
  trunk:
    - Nimble
    - Quick

EXTERNAL SOURCES:
  Shimmeraiser:
    :path: "../"

SPEC CHECKSUMS:
  Nimble: 18d5360282923225d62b09d781f63abc1a0111fc
  Quick: 7fb19e13be07b5dfb3b90d4f9824c855a11af40e
  Shimmeraiser: 93759bed62896a47c4db842dfc26827f62c7f211

PODFILE CHECKSUM: 4c65af872c7e9ce660dcf82fcd8169d86aa24825

COCOAPODS: 1.8.3
